# This file is automatically @generated by Poetry 2.1.3 and should not be changed by hand.

[[package]]
name = "pysdl2"
version = "0.9.17"
description = "Python SDL2 bindings"
optional = false
python-versions = "*"
groups = ["main"]
files = [
    {file = "PySDL2-0.9.17-py3-none-any.whl", hash = "sha256:fe923dbf5c7b27bbc1eb2bf58abfa793f8f13fd7ae8b27b1bc2de49920bcbd41"},
    {file = "pysdl2-0.9.17.tar.gz", hash = "sha256:48c6ef01a4eb123db5f7e46e1a1b565675755b07e615f3fe20a623c94735b52b"},
]

[metadata]
lock-version = "2.1"
python-versions = ">=3.10"
content-hash = "aedb2e5fb7522f756879ceb06437ac75ad01426fe230f6257080b28689ec63cf"
